# This file is autogenerated, do not edit; changes may be undone by the next 'dep ensure'.


[[projects]]
  branch = "master"
  name = "github.com/andelf/go-curl"
  packages = ["."]
  revision = "f8b334df3789fbdf98df3b3b22815e958b956c19"

[[projects]]
  branch = "master"
  name = "github.com/elgs/gostrgen"
  packages = ["."]
  revision = "9d61ae07eeaeb54ce2100022b1fd3ea020093d09"

[[projects]]
  name = "github.com/go-chi/chi"
  packages = ["."]
  revision = "967844826e58cf31213a7dfb82455d242ad85101"
  version = "v3.0.0"

[[projects]]
  name = "github.com/go-sql-driver/mysql"
  packages = ["."]
  revision = "8fefef06da7707b5a3cda42195a6b409c9c9ab5c"

[[projects]]
  name = "github.com/gorilla/websocket"
  packages = ["."]
  revision = "ea4d1f681babbce9545c9c5f3d5194a789c89f5b"
  version = "v1.2.0"

[solve-meta]
  analyzer-name = "dep"
  analyzer-version = 1
  inputs-digest = "645162cb4bc4f2c9c09ff80d8bebd73c8bd4a02d7f5951172fb92f7ead7b9b21"
  solver-name = "gps-cdcl"
  solver-version = 1
