# This file is autogenerated, do not edit; changes may be undone by the next 'dep ensure'.


[[projects]]
  branch = "master"
  name = "github.com/Jleagle/go-helpers"
  packages = ["rollbar"]
  revision = "e6febc9b5aaa6f86f0e28be2c9c490c43c97bcc7"

[[projects]]
  branch = "master"
  name = "github.com/andelf/go-curl"
  packages = ["."]
  revision = "f8b334df3789fbdf98df3b3b22815e958b956c19"

[[projects]]
  branch = "master"
  name = "github.com/elgs/gostrgen"
  packages = ["."]
  revision = "9d61ae07eeaeb54ce2100022b1fd3ea020093d09"

[[projects]]
  name = "github.com/go-chi/chi"
  packages = ["."]
  revision = "687d2792aedd8e8ac3bbd8592cf55b91d7ea8ce9"
  version = "v3.3.1"

[[projects]]
  name = "github.com/go-sql-driver/mysql"
  packages = ["."]
  revision = "a0583e0143b1624142adab07e0e97fe106d99561"
  version = "v1.3"

[[projects]]
  name = "github.com/gorilla/websocket"
  packages = ["."]
  revision = "ea4d1f681babbce9545c9c5f3d5194a789c89f5b"
  version = "v1.2.0"

[[projects]]
  name = "github.com/stvp/rollbar"
  packages = ["."]
  revision = "b20261800d8cda3be14dcef0d1a8320779bba61a"
  version = "v0.5.1"

[solve-meta]
  analyzer-name = "dep"
  analyzer-version = 1
  inputs-digest = "f849386b4f1a52b7b22ab5d42c495795cb62411b76bc8b6ca5ab7144e2692c7f"
  solver-name = "gps-cdcl"
  solver-version = 1
